// !$*UTF8*$!
{
	archiveVersion = 1;
	classes = {
	};
	objectVersion = 56;
	objects = {

/* Begin PBXBuildFile section */
		4344F6D8295E4A9B00E092FB /* NBA_SWIFTUIApp.swift in Sources */ = {isa = PBXBuildFile; fileRef = 4344F6D7295E4A9B00E092FB /* NBA_SWIFTUIApp.swift */; };
		4344F6DA295E4A9B00E092FB /* ContentView.swift in Sources */ = {isa = PBXBuildFile; fileRef = 4344F6D9295E4A9B00E092FB /* ContentView.swift */; };
		4344F6DC295E4A9C00E092FB /* Assets.xcassets in Resources */ = {isa = PBXBuildFile; fileRef = 4344F6DB295E4A9C00E092FB /* Assets.xcassets */; };
		4344F6DF295E4A9C00E092FB /* Preview Assets.xcassets in Resources */ = {isa = PBXBuildFile; fileRef = 4344F6DE295E4A9C00E092FB /* Preview Assets.xcassets */; };
		4344F6E9295E4A9C00E092FB /* NBA_SWIFTUITests.swift in Sources */ = {isa = PBXBuildFile; fileRef = 4344F6E8295E4A9C00E092FB /* NBA_SWIFTUITests.swift */; };
		4344F6F3295E4A9C00E092FB /* NBA_SWIFTUIUITests.swift in Sources */ = {isa = PBXBuildFile; fileRef = 4344F6F2295E4A9C00E092FB /* NBA_SWIFTUIUITests.swift */; };
		4344F6F5295E4A9C00E092FB /* NBA_SWIFTUIUITestsLaunchTests.swift in Sources */ = {isa = PBXBuildFile; fileRef = 4344F6F4295E4A9C00E092FB /* NBA_SWIFTUIUITestsLaunchTests.swift */; };
/* End PBXBuildFile section */

/* Begin PBXContainerItemProxy section */
		4344F6E5295E4A9C00E092FB /* PBXContainerItemProxy */ = {
			isa = PBXContainerItemProxy;
			containerPortal = 4344F6CC295E4A9B00E092FB /* Project object */;
			proxyType = 1;
			remoteGlobalIDString = 4344F6D3295E4A9B00E092FB;
			remoteInfo = NBA_SWIFTUI;
		};
		4344F6EF295E4A9C00E092FB /* PBXContainerItemProxy */ = {
			isa = PBXContainerItemProxy;
			containerPortal = 4344F6CC295E4A9B00E092FB /* Project object */;
			proxyType = 1;
			remoteGlobalIDString = 4344F6D3295E4A9B00E092FB;
			remoteInfo = NBA_SWIFTUI;
		};
/* End PBXContainerItemProxy section */

/* Begin PBXFileReference section */
		4344F6D4295E4A9B00E092FB /* NBA_SWIFTUI.app */ = {isa = PBXFileReference; explicitFileType = wrapper.application; includeInIndex = 0; path = NBA_SWIFTUI.app; sourceTree = BUILT_PRODUCTS_DIR; };
		4344F6D7295E4A9B00E092FB /* NBA_SWIFTUIApp.swift */ = {isa = PBXFileReference; lastKnownFileType = sourcecode.swift; path = NBA_SWIFTUIApp.swift; sourceTree = "<group>"; };
		4344F6D9295E4A9B00E092FB /* ContentView.swift */ = {isa = PBXFileReference; lastKnownFileType = sourcecode.swift; path = ContentView.swift; sourceTree = "<group>"; };
		4344F6DB295E4A9C00E092FB /* Assets.xcassets */ = {isa = PBXFileReference; lastKnownFileType = folder.assetcatalog; path = Assets.xcassets; sourceTree = "<group>"; };
		4344F6DE295E4A9C00E092FB /* Preview Assets.xcassets */ = {isa = PBXFileReference; lastKnownFileType = folder.assetcatalog; path = "Preview Assets.xcassets"; sourceTree = "<group>"; };
		4344F6E4295E4A9C00E092FB /* NBA_SWIFTUITests.xctest */ = {isa = PBXFileReference; explicitFileType = wrapper.cfbundle; includeInIndex = 0; path = NBA_SWIFTUITests.xctest; sourceTree = BUILT_PRODUCTS_DIR; };
		4344F6E8295E4A9C00E092FB /* NBA_SWIFTUITests.swift */ = {isa = PBXFileReference; lastKnownFileType = sourcecode.swift; path = NBA_SWIFTUITests.swift; sourceTree = "<group>"; };
		4344F6EE295E4A9C00E092FB /* NBA_SWIFTUIUITests.xctest */ = {isa = PBXFileReference; explicitFileType = wrapper.cfbundle; includeInIndex = 0; path = NBA_SWIFTUIUITests.xctest; sourceTree = BUILT_PRODUCTS_DIR; };
		4344F6F2295E4A9C00E092FB /* NBA_SWIFTUIUITests.swift */ = {isa = PBXFileReference; lastKnownFileType = sourcecode.swift; path = NBA_SWIFTUIUITests.swift; sourceTree = "<group>"; };
		4344F6F4295E4A9C00E092FB /* NBA_SWIFTUIUITestsLaunchTests.swift */ = {isa = PBXFileReference; lastKnownFileType = sourcecode.swift; path = NBA_SWIFTUIUITestsLaunchTests.swift; sourceTree = "<group>"; };
/* End PBXFileReference section */

/* Begin PBXFrameworksBuildPhase section */
		4344F6D1295E4A9B00E092FB /* Frameworks */ = {
			isa = PBXFrameworksBuildPhase;
			buildActionMask = 2147483647;
			files = (
			);
			runOnlyForDeploymentPostprocessing = 0;
		};
		4344F6E1295E4A9C00E092FB /* Frameworks */ = {
			isa = PBXFrameworksBuildPhase;
			buildActionMask = 2147483647;
			files = (
			);
			runOnlyForDeploymentPostprocessing = 0;
		};
		4344F6EB295E4A9C00E092FB /* Frameworks */ = {
			isa = PBXFrameworksBuildPhase;
			buildActionMask = 2147483647;
			files = (
			);
			runOnlyForDeploymentPostprocessing = 0;
		};
/* End PBXFrameworksBuildPhase section */

/* Begin PBXGroup section */
		4344F6CB295E4A9B00E092FB = {
			isa = PBXGroup;
			children = (
				4344F6D6295E4A9B00E092FB /* NBA_SWIFTUI */,
				4344F6E7295E4A9C00E092FB /* NBA_SWIFTUITests */,
				4344F6F1295E4A9C00E092FB /* NBA_SWIFTUIUITests */,
				4344F6D5295E4A9B00E092FB /* Products */,
			);
			sourceTree = "<group>";
		};
		4344F6D5295E4A9B00E092FB /* Products */ = {
			isa = PBXGroup;
			children = (
				4344F6D4295E4A9B00E092FB /* NBA_SWIFTUI.app */,
				4344F6E4295E4A9C00E092FB /* NBA_SWIFTUITests.xctest */,
				4344F6EE295E4A9C00E092FB /* NBA_SWIFTUIUITests.xctest */,
			);
			name = Products;
			sourceTree = "<group>";
		};
		4344F6D6295E4A9B00E092FB /* NBA_SWIFTUI */ = {
			isa = PBXGroup;
			children = (
				4344F6D7295E4A9B00E092FB /* NBA_SWIFTUIApp.swift */,
				4344F6D9295E4A9B00E092FB /* ContentView.swift */,
				4344F6DB295E4A9C00E092FB /* Assets.xcassets */,
				4344F6DD295E4A9C00E092FB /* Preview Content */,
			);
			path = NBA_SWIFTUI;
			sourceTree = "<group>";
		};
		4344F6DD295E4A9C00E092FB /* Preview Content */ = {
			isa = PBXGroup;
			children = (
				4344F6DE295E4A9C00E092FB /* Preview Assets.xcassets */,
			);
			path = "Preview Content";
			sourceTree = "<group>";
		};
		4344F6E7295E4A9C00E092FB /* NBA_SWIFTUITests */ = {
			isa = PBXGroup;
			children = (
				4344F6E8295E4A9C00E092FB /* NBA_SWIFTUITests.swift */,
			);
			path = NBA_SWIFTUITests;
			sourceTree = "<group>";
		};
		4344F6F1295E4A9C00E092FB /* NBA_SWIFTUIUITests */ = {
			isa = PBXGroup;
			children = (
				4344F6F2295E4A9C00E092FB /* NBA_SWIFTUIUITests.swift */,
				4344F6F4295E4A9C00E092FB /* NBA_SWIFTUIUITestsLaunchTests.swift */,
			);
			path = NBA_SWIFTUIUITests;
			sourceTree = "<group>";
		};
/* End PBXGroup section */

/* Begin PBXNativeTarget section */
		4344F6D3295E4A9B00E092FB /* NBA_SWIFTUI */ = {
			isa = PBXNativeTarget;
			buildConfigurationList = 4344F6F8295E4A9C00E092FB /* Build configuration list for PBXNativeTarget "NBA_SWIFTUI" */;
			buildPhases = (
				4344F6D0295E4A9B00E092FB /* Sources */,
				4344F6D1295E4A9B00E092FB /* Frameworks */,
				4344F6D2295E4A9B00E092FB /* Resources */,
			);
			buildRules = (
			);
			dependencies = (
			);
			name = NBA_SWIFTUI;
			productName = NBA_SWIFTUI;
			productReference = 4344F6D4295E4A9B00E092FB /* NBA_SWIFTUI.app */;
			productType = "com.apple.product-type.application";
		};
		4344F6E3295E4A9C00E092FB /* NBA_SWIFTUITests */ = {
			isa = PBXNativeTarget;
			buildConfigurationList = 4344F6FB295E4A9C00E092FB /* Build configuration list for PBXNativeTarget "NBA_SWIFTUITests" */;
			buildPhases = (
				4344F6E0295E4A9C00E092FB /* Sources */,
				4344F6E1295E4A9C00E092FB /* Frameworks */,
				4344F6E2295E4A9C00E092FB /* Resources */,
			);
			buildRules = (
			);
			dependencies = (
				4344F6E6295E4A9C00E092FB /* PBXTargetDependency */,
			);
			name = NBA_SWIFTUITests;
			productName = NBA_SWIFTUITests;
			productReference = 4344F6E4295E4A9C00E092FB /* NBA_SWIFTUITests.xctest */;
			productType = "com.apple.product-type.bundle.unit-test";
		};
		4344F6ED295E4A9C00E092FB /* NBA_SWIFTUIUITests */ = {
			isa = PBXNativeTarget;
			buildConfigurationList = 4344F6FE295E4A9C00E092FB /* Build configuration list for PBXNativeTarget "NBA_SWIFTUIUITests" */;
			buildPhases = (
				4344F6EA295E4A9C00E092FB /* Sources */,
				4344F6EB295E4A9C00E092FB /* Frameworks */,
				4344F6EC295E4A9C00E092FB /* Resources */,
			);
			buildRules = (
			);
			dependencies = (
				4344F6F0295E4A9C00E092FB /* PBXTargetDependency */,
			);
			name = NBA_SWIFTUIUITests;
			productName = NBA_SWIFTUIUITests;
			productReference = 4344F6EE295E4A9C00E092FB /* NBA_SWIFTUIUITests.xctest */;
			productType = "com.apple.product-type.bundle.ui-testing";
		};
/* End PBXNativeTarget section */

/* Begin PBXProject section */
		4344F6CC295E4A9B00E092FB /* Project object */ = {
			isa = PBXProject;
			attributes = {
				BuildIndependentTargetsInParallel = 1;
				LastSwiftUpdateCheck = 1400;
				LastUpgradeCheck = 1400;
				TargetAttributes = {
					4344F6D3295E4A9B00E092FB = {
						CreatedOnToolsVersion = 14.0.1;
					};
					4344F6E3295E4A9C00E092FB = {
						CreatedOnToolsVersion = 14.0.1;
						TestTargetID = 4344F6D3295E4A9B00E092FB;
					};
					4344F6ED295E4A9C00E092FB = {
						CreatedOnToolsVersion = 14.0.1;
						TestTargetID = 4344F6D3295E4A9B00E092FB;
					};
				};
			};
			buildConfigurationList = 4344F6CF295E4A9B00E092FB /* Build configuration list for PBXProject "NBA_SWIFTUI" */;
			compatibilityVersion = "Xcode 14.0";
			developmentRegion = en;
			hasScannedForEncodings = 0;
			knownRegions = (
				en,
				Base,
			);
			mainGroup = 4344F6CB295E4A9B00E092FB;
			productRefGroup = 4344F6D5295E4A9B00E092FB /* Products */;
			projectDirPath = "";
			projectRoot = "";
			targets = (
				4344F6D3295E4A9B00E092FB /* NBA_SWIFTUI */,
				4344F6E3295E4A9C00E092FB /* NBA_SWIFTUITests */,
				4344F6ED295E4A9C00E092FB /* NBA_SWIFTUIUITests */,
			);
		};
/* End PBXProject section */

/* Begin PBXResourcesBuildPhase section */
		4344F6D2295E4A9B00E092FB /* Resources */ = {
			isa = PBXResourcesBuildPhase;
			buildActionMask = 2147483647;
			files = (
				4344F6DF295E4A9C00E092FB /* Preview Assets.xcassets in Resources */,
				4344F6DC295E4A9C00E092FB /* Assets.xcassets in Resources */,
			);
			runOnlyForDeploymentPostprocessing = 0;
		};
		4344F6E2295E4A9C00E092FB /* Resources */ = {
			isa = PBXResourcesBuildPhase;
			buildActionMask = 2147483647;
			files = (
			);
			runOnlyForDeploymentPostprocessing = 0;
		};
		4344F6EC295E4A9C00E092FB /* Resources */ = {
			isa = PBXResourcesBuildPhase;
			buildActionMask = 2147483647;
			files = (
			);
			runOnlyForDeploymentPostprocessing = 0;
		};
/* End PBXResourcesBuildPhase section */

/* Begin PBXSourcesBuildPhase section */
		4344F6D0295E4A9B00E092FB /* Sources */ = {
			isa = PBXSourcesBuildPhase;
			buildActionMask = 2147483647;
			files = (
				4344F6DA295E4A9B00E092FB /* ContentView.swift in Sources */,
				4344F6D8295E4A9B00E092FB /* NBA_SWIFTUIApp.swift in Sources */,
			);
			runOnlyForDeploymentPostprocessing = 0;
		};
		4344F6E0295E4A9C00E092FB /* Sources */ = {
			isa = PBXSourcesBuildPhase;
			buildActionMask = 2147483647;
			files = (
				4344F6E9295E4A9C00E092FB /* NBA_SWIFTUITests.swift in Sources */,
			);
			runOnlyForDeploymentPostprocessing = 0;
		};
		4344F6EA295E4A9C00E092FB /* Sources */ = {
			isa = PBXSourcesBuildPhase;
			buildActionMask = 2147483647;
			files = (
				4344F6F5295E4A9C00E092FB /* NBA_SWIFTUIUITestsLaunchTests.swift in Sources */,
				4344F6F3295E4A9C00E092FB /* NBA_SWIFTUIUITests.swift in Sources */,
			);
			runOnlyForDeploymentPostprocessing = 0;
		};
/* End PBXSourcesBuildPhase section */

/* Begin PBXTargetDependency section */
		4344F6E6295E4A9C00E092FB /* PBXTargetDependency */ = {
			isa = PBXTargetDependency;
			target = 4344F6D3295E4A9B00E092FB /* NBA_SWIFTUI */;
			targetProxy = 4344F6E5295E4A9C00E092FB /* PBXContainerItemProxy */;
		};
		4344F6F0295E4A9C00E092FB /* PBXTargetDependency */ = {
			isa = PBXTargetDependency;
			target = 4344F6D3295E4A9B00E092FB /* NBA_SWIFTUI */;
			targetProxy = 4344F6EF295E4A9C00E092FB /* PBXContainerItemProxy */;
		};
/* End PBXTargetDependency section */

/* Begin XCBuildConfiguration section */
		4344F6F6295E4A9C00E092FB /* Debug */ = {
			isa = XCBuildConfiguration;
			buildSettings = {
				ALWAYS_SEARCH_USER_PATHS = NO;
				CLANG_ANALYZER_NONNULL = YES;
				CLANG_ANALYZER_NUMBER_OBJECT_CONVERSION = YES_AGGRESSIVE;
				CLANG_CXX_LANGUAGE_STANDARD = "gnu++20";
				CLANG_ENABLE_MODULES = YES;
				CLANG_ENABLE_OBJC_ARC = YES;
				CLANG_ENABLE_OBJC_WEAK = YES;
				CLANG_WARN_BLOCK_CAPTURE_AUTORELEASING = YES;
				CLANG_WARN_BOOL_CONVERSION = YES;
				CLANG_WARN_COMMA = YES;
				CLANG_WARN_CONSTANT_CONVERSION = YES;
				CLANG_WARN_DEPRECATED_OBJC_IMPLEMENTATIONS = YES;
				CLANG_WARN_DIRECT_OBJC_ISA_USAGE = YES_ERROR;
				CLANG_WARN_DOCUMENTATION_COMMENTS = YES;
				CLANG_WARN_EMPTY_BODY = YES;
				CLANG_WARN_ENUM_CONVERSION = YES;
				CLANG_WARN_INFINITE_RECURSION = YES;
				CLANG_WARN_INT_CONVERSION = YES;
				CLANG_WARN_NON_LITERAL_NULL_CONVERSION = YES;
				CLANG_WARN_OBJC_IMPLICIT_RETAIN_SELF = YES;
				CLANG_WARN_OBJC_LITERAL_CONVERSION = YES;
				CLANG_WARN_OBJC_ROOT_CLASS = YES_ERROR;
				CLANG_WARN_QUOTED_INCLUDE_IN_FRAMEWORK_HEADER = YES;
				CLANG_WARN_RANGE_LOOP_ANALYSIS = YES;
				CLANG_WARN_STRICT_PROTOTYPES = YES;
				CLANG_WARN_SUSPICIOUS_MOVE = YES;
				CLANG_WARN_UNGUARDED_AVAILABILITY = YES_AGGRESSIVE;
				CLANG_WARN_UNREACHABLE_CODE = YES;
				CLANG_WARN__DUPLICATE_METHOD_MATCH = YES;
				COPY_PHASE_STRIP = NO;
				DEBUG_INFORMATION_FORMAT = dwarf;
				ENABLE_STRICT_OBJC_MSGSEND = YES;
				ENABLE_TESTABILITY = YES;
				GCC_C_LANGUAGE_STANDARD = gnu11;
				GCC_DYNAMIC_NO_PIC = NO;
				GCC_NO_COMMON_BLOCKS = YES;
				GCC_OPTIMIZATION_LEVEL = 0;
				GCC_PREPROCESSOR_DEFINITIONS = (
					"DEBUG=1",
					"$(inherited)",
				);
				GCC_WARN_64_TO_32_BIT_CONVERSION = YES;
				GCC_WARN_ABOUT_RETURN_TYPE = YES_ERROR;
				GCC_WARN_UNDECLARED_SELECTOR = YES;
				GCC_WARN_UNINITIALIZED_AUTOS = YES_AGGRESSIVE;
				GCC_WARN_UNUSED_FUNCTION = YES;
				GCC_WARN_UNUSED_VARIABLE = YES;
				IPHONEOS_DEPLOYMENT_TARGET = 16.0;
				MTL_ENABLE_DEBUG_INFO = INCLUDE_SOURCE;
				MTL_FAST_MATH = YES;
				ONLY_ACTIVE_ARCH = YES;
				SDKROOT = iphoneos;
				SWIFT_ACTIVE_COMPILATION_CONDITIONS = DEBUG;
				SWIFT_OPTIMIZATION_LEVEL = "-Onone";
			};
			name = Debug;
		};
		4344F6F7295E4A9C00E092FB /* Release */ = {
			isa = XCBuildConfiguration;
			buildSettings = {
				ALWAYS_SEARCH_USER_PATHS = NO;
				CLANG_ANALYZER_NONNULL = YES;
				CLANG_ANALYZER_NUMBER_OBJECT_CONVERSION = YES_AGGRESSIVE;
				CLANG_CXX_LANGUAGE_STANDARD = "gnu++20";
				CLANG_ENABLE_MODULES = YES;
				CLANG_ENABLE_OBJC_ARC = YES;
				CLANG_ENABLE_OBJC_WEAK = YES;
				CLANG_WARN_BLOCK_CAPTURE_AUTORELEASING = YES;
				CLANG_WARN_BOOL_CONVERSION = YES;
				CLANG_WARN_COMMA = YES;
				CLANG_WARN_CONSTANT_CONVERSION = YES;
				CLANG_WARN_DEPRECATED_OBJC_IMPLEMENTATIONS = YES;
				CLANG_WARN_DIRECT_OBJC_ISA_USAGE = YES_ERROR;
				CLANG_WARN_DOCUMENTATION_COMMENTS = YES;
				CLANG_WARN_EMPTY_BODY = YES;
				CLANG_WARN_ENUM_CONVERSION = YES;
				CLANG_WARN_INFINITE_RECURSION = YES;
				CLANG_WARN_INT_CONVERSION = YES;
				CLANG_WARN_NON_LITERAL_NULL_CONVERSION = YES;
				CLANG_WARN_OBJC_IMPLICIT_RETAIN_SELF = YES;
				CLANG_WARN_OBJC_LITERAL_CONVERSION = YES;
				CLANG_WARN_OBJC_ROOT_CLASS = YES_ERROR;
				CLANG_WARN_QUOTED_INCLUDE_IN_FRAMEWORK_HEADER = YES;
				CLANG_WARN_RANGE_LOOP_ANALYSIS = YES;
				CLANG_WARN_STRICT_PROTOTYPES = YES;
				CLANG_WARN_SUSPICIOUS_MOVE = YES;
				CLANG_WARN_UNGUARDED_AVAILABILITY = YES_AGGRESSIVE;
				CLANG_WARN_UNREACHABLE_CODE = YES;
				CLANG_WARN__DUPLICATE_METHOD_MATCH = YES;
				COPY_PHASE_STRIP = NO;
				DEBUG_INFORMATION_FORMAT = "dwarf-with-dsym";
				ENABLE_NS_ASSERTIONS = NO;
				ENABLE_STRICT_OBJC_MSGSEND = YES;
				GCC_C_LANGUAGE_STANDARD = gnu11;
				GCC_NO_COMMON_BLOCKS = YES;
				GCC_WARN_64_TO_32_BIT_CONVERSION = YES;
				GCC_WARN_ABOUT_RETURN_TYPE = YES_ERROR;
				GCC_WARN_UNDECLARED_SELECTOR = YES;
				GCC_WARN_UNINITIALIZED_AUTOS = YES_AGGRESSIVE;
				GCC_WARN_UNUSED_FUNCTION = YES;
				GCC_WARN_UNUSED_VARIABLE = YES;
				IPHONEOS_DEPLOYMENT_TARGET = 16.0;
				MTL_ENABLE_DEBUG_INFO = NO;
				MTL_FAST_MATH = YES;
				SDKROOT = iphoneos;
				SWIFT_COMPILATION_MODE = wholemodule;
				SWIFT_OPTIMIZATION_LEVEL = "-O";
				VALIDATE_PRODUCT = YES;
			};
			name = Release;
		};
		4344F6F9295E4A9C00E092FB /* Debug */ = {
			isa = XCBuildConfiguration;
			buildSettings = {
				ASSETCATALOG_COMPILER_APPICON_NAME = AppIcon;
				ASSETCATALOG_COMPILER_GLOBAL_ACCENT_COLOR_NAME = AccentColor;
				CODE_SIGN_STYLE = Automatic;
				CURRENT_PROJECT_VERSION = 1;
				DEVELOPMENT_ASSET_PATHS = "\"NBA_SWIFTUI/Preview Content\"";
				DEVELOPMENT_TEAM = N6859F3C8L;
				ENABLE_PREVIEWS = YES;
				GENERATE_INFOPLIST_FILE = YES;
				INFOPLIST_KEY_UIApplicationSceneManifest_Generation = YES;
				INFOPLIST_KEY_UIApplicationSupportsIndirectInputEvents = YES;
				INFOPLIST_KEY_UILaunchScreen_Generation = YES;
				INFOPLIST_KEY_UISupportedInterfaceOrientations_iPad = "UIInterfaceOrientationPortrait UIInterfaceOrientationPortraitUpsideDown UIInterfaceOrientationLandscapeLeft UIInterfaceOrientationLandscapeRight";
				INFOPLIST_KEY_UISupportedInterfaceOrientations_iPhone = "UIInterfaceOrientationPortrait UIInterfaceOrientationLandscapeLeft UIInterfaceOrientationLandscapeRight";
				LD_RUNPATH_SEARCH_PATHS = (
					"$(inherited)",
					"@executable_path/Frameworks",
				);
				MARKETING_VERSION = 1.0;
				PRODUCT_BUNDLE_IDENTIFIER = "com.rohitragmahale.NBA-SWIFTUI";
				PRODUCT_NAME = "$(TARGET_NAME)";
				SWIFT_EMIT_LOC_STRINGS = YES;
				SWIFT_VERSION = 5.0;
				TARGETED_DEVICE_FAMILY = "1,2";
			};
			name = Debug;
		};
		4344F6FA295E4A9C00E092FB /* Release */ = {
			isa = XCBuildConfiguration;
			buildSettings = {
				ASSETCATALOG_COMPILER_APPICON_NAME = AppIcon;
				ASSETCATALOG_COMPILER_GLOBAL_ACCENT_COLOR_NAME = AccentColor;
				CODE_SIGN_STYLE = Automatic;
				CURRENT_PROJECT_VERSION = 1;
				DEVELOPMENT_ASSET_PATHS = "\"NBA_SWIFTUI/Preview Content\"";
				DEVELOPMENT_TEAM = N6859F3C8L;
				ENABLE_PREVIEWS = YES;
				GENERATE_INFOPLIST_FILE = YES;
				INFOPLIST_KEY_UIApplicationSceneManifest_Generation = YES;
				INFOPLIST_KEY_UIApplicationSupportsIndirectInputEvents = YES;
				INFOPLIST_KEY_UILaunchScreen_Generation = YES;
				INFOPLIST_KEY_UISupportedInterfaceOrientations_iPad = "UIInterfaceOrientationPortrait UIInterfaceOrientationPortraitUpsideDown UIInterfaceOrientationLandscapeLeft UIInterfaceOrientationLandscapeRight";
				INFOPLIST_KEY_UISupportedInterfaceOrientations_iPhone = "UIInterfaceOrientationPortrait UIInterfaceOrientationLandscapeLeft UIInterfaceOrientationLandscapeRight";
				LD_RUNPATH_SEARCH_PATHS = (
					"$(inherited)",
					"@executable_path/Frameworks",
				);
				MARKETING_VERSION = 1.0;
				PRODUCT_BUNDLE_IDENTIFIER = "com.rohitragmahale.NBA-SWIFTUI";
				PRODUCT_NAME = "$(TARGET_NAME)";
				SWIFT_EMIT_LOC_STRINGS = YES;
				SWIFT_VERSION = 5.0;
				TARGETED_DEVICE_FAMILY = "1,2";
			};
			name = Release;
		};
		4344F6FC295E4A9C00E092FB /* Debug */ = {
			isa = XCBuildConfiguration;
			buildSettings = {
				ALWAYS_EMBED_SWIFT_STANDARD_LIBRARIES = YES;
				BUNDLE_LOADER = "$(TEST_HOST)";
				CODE_SIGN_STYLE = Automatic;
				CURRENT_PROJECT_VERSION = 1;
				DEVELOPMENT_TEAM = N6859F3C8L;
				GENERATE_INFOPLIST_FILE = YES;
				IPHONEOS_DEPLOYMENT_TARGET = 16.0;
				MARKETING_VERSION = 1.0;
				PRODUCT_BUNDLE_IDENTIFIER = "com.rohitragmahale.NBA-SWIFTUITests";
				PRODUCT_NAME = "$(TARGET_NAME)";
				SWIFT_EMIT_LOC_STRINGS = NO;
				SWIFT_VERSION = 5.0;
				TARGETED_DEVICE_FAMILY = "1,2";
				TEST_HOST = "$(BUILT_PRODUCTS_DIR)/NBA_SWIFTUI.app/$(BUNDLE_EXECUTABLE_FOLDER_PATH)/NBA_SWIFTUI";
			};
			name = Debug;
		};
		4344F6FD295E4A9C00E092FB /* Release */ = {
			isa = XCBuildConfiguration;
			buildSettings = {
				ALWAYS_EMBED_SWIFT_STANDARD_LIBRARIES = YES;
				BUNDLE_LOADER = "$(TEST_HOST)";
				CODE_SIGN_STYLE = Automatic;
				CURRENT_PROJECT_VERSION = 1;
				DEVELOPMENT_TEAM = N6859F3C8L;
				GENERATE_INFOPLIST_FILE = YES;
				IPHONEOS_DEPLOYMENT_TARGET = 16.0;
				MARKETING_VERSION = 1.0;
				PRODUCT_BUNDLE_IDENTIFIER = "com.rohitragmahale.NBA-SWIFTUITests";
				PRODUCT_NAME = "$(TARGET_NAME)";
				SWIFT_EMIT_LOC_STRINGS = NO;
				SWIFT_VERSION = 5.0;
				TARGETED_DEVICE_FAMILY = "1,2";
				TEST_HOST = "$(BUILT_PRODUCTS_DIR)/NBA_SWIFTUI.app/$(BUNDLE_EXECUTABLE_FOLDER_PATH)/NBA_SWIFTUI";
			};
			name = Release;
		};
		4344F6FF295E4A9C00E092FB /* Debug */ = {
			isa = XCBuildConfiguration;
			buildSettings = {
				ALWAYS_EMBED_SWIFT_STANDARD_LIBRARIES = YES;
				CODE_SIGN_STYLE = Automatic;
				CURRENT_PROJECT_VERSION = 1;
				DEVELOPMENT_TEAM = N6859F3C8L;
				GENERATE_INFOPLIST_FILE = YES;
				MARKETING_VERSION = 1.0;
				PRODUCT_BUNDLE_IDENTIFIER = "com.rohitragmahale.NBA-SWIFTUIUITests";
				PRODUCT_NAME = "$(TARGET_NAME)";
				SWIFT_EMIT_LOC_STRINGS = NO;
				SWIFT_VERSION = 5.0;
				TARGETED_DEVICE_FAMILY = "1,2";
				TEST_TARGET_NAME = NBA_SWIFTUI;
			};
			name = Debug;
		};
		4344F700295E4A9C00E092FB /* Release */ = {
			isa = XCBuildConfiguration;
			buildSettings = {
				ALWAYS_EMBED_SWIFT_STANDARD_LIBRARIES = YES;
				CODE_SIGN_STYLE = Automatic;
				CURRENT_PROJECT_VERSION = 1;
				DEVELOPMENT_TEAM = N6859F3C8L;
				GENERATE_INFOPLIST_FILE = YES;
				MARKETING_VERSION = 1.0;
				PRODUCT_BUNDLE_IDENTIFIER = "com.rohitragmahale.NBA-SWIFTUIUITests";
				PRODUCT_NAME = "$(TARGET_NAME)";
				SWIFT_EMIT_LOC_STRINGS = NO;
				SWIFT_VERSION = 5.0;
				TARGETED_DEVICE_FAMILY = "1,2";
				TEST_TARGET_NAME = NBA_SWIFTUI;
			};
			name = Release;
		};
/* End XCBuildConfiguration section */

/* Begin XCConfigurationList section */
		4344F6CF295E4A9B00E092FB /* Build configuration list for PBXProject "NBA_SWIFTUI" */ = {
			isa = XCConfigurationList;
			buildConfigurations = (
				4344F6F6295E4A9C00E092FB /* Debug */,
				4344F6F7295E4A9C00E092FB /* Release */,
			);
			defaultConfigurationIsVisible = 0;
			defaultConfigurationName = Release;
		};
		4344F6F8295E4A9C00E092FB /* Build configuration list for PBXNativeTarget "NBA_SWIFTUI" */ = {
			isa = XCConfigurationList;
			buildConfigurations = (
				4344F6F9295E4A9C00E092FB /* Debug */,
				4344F6FA295E4A9C00E092FB /* Release */,
			);
			defaultConfigurationIsVisible = 0;
			defaultConfigurationName = Release;
		};
		4344F6FB295E4A9C00E092FB /* Build configuration list for PBXNativeTarget "NBA_SWIFTUITests" */ = {
			isa = XCConfigurationList;
			buildConfigurations = (
				4344F6FC295E4A9C00E092FB /* Debug */,
				4344F6FD295E4A9C00E092FB /* Release */,
			);
			defaultConfigurationIsVisible = 0;
			defaultConfigurationName = Release;
		};
		4344F6FE295E4A9C00E092FB /* Build configuration list for PBXNativeTarget "NBA_SWIFTUIUITests" */ = {
			isa = XCConfigurationList;
			buildConfigurations = (
				4344F6FF295E4A9C00E092FB /* Debug */,
				4344F700295E4A9C00E092FB /* Release */,
			);
			defaultConfigurationIsVisible = 0;
			defaultConfigurationName = Release;
		};
/* End XCConfigurationList section */
	};
	rootObject = 4344F6CC295E4A9B00E092FB /* Project object */;
}
